{
  "name": "geojson-to-svg",
  "lockfileVersion": 2,
  "requires": true,
  "packages": {
    "": {
      "dependencies": {
        "geojson2svg": "^2.0.1"
      }
    },
    "node_modules/extend": {
      "version": "3.0.2",
      "resolved": "https://registry.npmjs.org/extend/-/extend-3.0.2.tgz",
      "integrity": "sha512-fjquC59cD7CyW6urNXK0FBufkZcoiGG80wTuPujX590cB5Ttln20E2UB4S/WARVqhXffZl2LNgS+gQdPIIim/g=="
    },
    "node_modules/geojson-bbox": {
      "version": "0.0.1",
      "resolved": "https://registry.npmjs.org/geojson-bbox/-/geojson-bbox-0.0.1.tgz",
      "integrity": "sha512-1ZuQ6SmG8X2c5a4rpiGHbjZuZOhz+Y1uCDyN1Az7552/jBziCIaJe4V1d07I6Ul9k8V8yGi6kisDlvpIjJrZ+Q=="
    },
    "node_modules/geojson2svg": {
      "version": "2.0.1",
      "resolved": "https://registry.npmjs.org/geojson2svg/-/geojson2svg-2.0.1.tgz",
      "integrity": "sha512-INJRMpR/iYLhSImHyPq2VhYcxkOguj/vquy1WXIijTsV+gqaxJsfJmGtRXhwxP6IS4i5aWQl927FG2dcAafeHA==",
      "dependencies": {
        "extend": "^3.0.2",
        "geojson-bbox": "^0.0.1",
        "multigeojson": "~0.0.1"
      }
    },
    "node_modules/multigeojson": {
      "version": "0.0.1",
      "resolved": "https://registry.npmjs.org/multigeojson/-/multigeojson-0.0.1.tgz",
      "integrity": "sha512-FbCR4K9xp+0lbcHmJk1TLjXW+l82VcEhDDIU7g3DWm47WyGSpuGX8lJx58pOPa61T0b1zQUJVjllPJ6eXe54lg=="
    }
  },
  "dependencies": {
    "extend": {
      "version": "3.0.2",
      "resolved": "https://registry.npmjs.org/extend/-/extend-3.0.2.tgz",
      "integrity": "sha512-fjquC59cD7CyW6urNXK0FBufkZcoiGG80wTuPujX590cB5Ttln20E2UB4S/WARVqhXffZl2LNgS+gQdPIIim/g=="
    },
    "geojson-bbox": {
      "version": "0.0.1",
      "resolved": "https://registry.npmjs.org/geojson-bbox/-/geojson-bbox-0.0.1.tgz",
      "integrity": "sha512-1ZuQ6SmG8X2c5a4rpiGHbjZuZOhz+Y1uCDyN1Az7552/jBziCIaJe4V1d07I6Ul9k8V8yGi6kisDlvpIjJrZ+Q=="
    },
    "geojson2svg": {
      "version": "2.0.1",
      "resolved": "https://registry.npmjs.org/geojson2svg/-/geojson2svg-2.0.1.tgz",
      "integrity": "sha512-INJRMpR/iYLhSImHyPq2VhYcxkOguj/vquy1WXIijTsV+gqaxJsfJmGtRXhwxP6IS4i5aWQl927FG2dcAafeHA==",
      "requires": {
        "extend": "^3.0.2",
        "geojson-bbox": "^0.0.1",
        "multigeojson": "~0.0.1"
      }
    },
    "multigeojson": {
      "version": "0.0.1",
      "resolved": "https://registry.npmjs.org/multigeojson/-/multigeojson-0.0.1.tgz",
      "integrity": "sha512-FbCR4K9xp+0lbcHmJk1TLjXW+l82VcEhDDIU7g3DWm47WyGSpuGX8lJx58pOPa61T0b1zQUJVjllPJ6eXe54lg=="
    }
  }
}
